// !$*UTF8*$!
{
	archiveVersion = 1;
	classes = {
	};
	objectVersion = 48;
	objects = {

/* Begin PBXBuildFile section */
		6D59115020A8B92300674147 /* array.c in Sources */ = {isa = PBXBuildFile; fileRef = 6D59111720A8B8FA00674147 /* array.c */; };
		6D59115120A8B92300674147 /* buffer.c in Sources */ = {isa = PBXBuildFile; fileRef = 6D59112420A8B8FB00674147 /* buffer.c */; };
		6D59115220A8B92300674147 /* bytes.c in Sources */ = {isa = PBXBuildFile; fileRef = 6D59111D20A8B8FB00674147 /* bytes.c */; };
		6D59115320A8B92300674147 /* cast.c in Sources */ = {isa = PBXBuildFile; fileRef = 6D59111820A8B8FA00674147 /* cast.c */; };
		6D59115420A8B92300674147 /* date.c in Sources */ = {isa = PBXBuildFile; fileRef = 6D59112520A8B8FB00674147 /* date.c */; };
		6D59115520A8B92300674147 /* debug.c in Sources */ = {isa = PBXBuildFile; fileRef = 6D59112620A8B8FB00674147 /* debug.c */; };
		6D59115620A8B92300674147 /* error.c in Sources */ = {isa = PBXBuildFile; fileRef = 6D59111620A8B8FA00674147 /* error.c */; };
		6D59115720A8B92300674147 /* file.c in Sources */ = {isa = PBXBuildFile; fileRef = 6D59111C20A8B8FB00674147 /* file.c */; };
		6D59115820A8B92300674147 /* fun.c in Sources */ = {isa = PBXBuildFile; fileRef = 6D59111E20A8B8FB00674147 /* fun.c */; };
		6D59115920A8B92300674147 /* maps.c in Sources */ = {isa = PBXBuildFile; fileRef = 6D59111920A8B8FA00674147 /* maps.c */; };
		6D59115A20A8B92300674147 /* math.c in Sources */ = {isa = PBXBuildFile; fileRef = 6D59111320A8B8FA00674147 /* math.c */; };
		6D59115B20A8B92300674147 /* obj.c in Sources */ = {isa = PBXBuildFile; fileRef = 6D59111A20A8B8FB00674147 /* obj.c */; };
		6D59115C20A8B92300674147 /* process.c in Sources */ = {isa = PBXBuildFile; fileRef = 6D59112020A8B8FB00674147 /* process.c */; };
		6D59115D20A8B92300674147 /* random.c in Sources */ = {isa = PBXBuildFile; fileRef = 6D59112220A8B8FB00674147 /* random.c */; };
		6D59115E20A8B92300674147 /* regexp.c in Sources */ = {isa = PBXBuildFile; fileRef = 6D59111220A8B8FA00674147 /* regexp.c */; };
		6D59115F20A8B92300674147 /* socket.c in Sources */ = {isa = PBXBuildFile; fileRef = 6D59112320A8B8FB00674147 /* socket.c */; };
		6D59116020A8B92300674147 /* string.c in Sources */ = {isa = PBXBuildFile; fileRef = 6D59111420A8B8FA00674147 /* string.c */; };
		6D59116120A8B92300674147 /* sys.c in Sources */ = {isa = PBXBuildFile; fileRef = 6D59112120A8B8FB00674147 /* sys.c */; };
		6D59116220A8B92300674147 /* thread.c in Sources */ = {isa = PBXBuildFile; fileRef = 6D59111520A8B8FA00674147 /* thread.c */; };
		6D59116320A8B92300674147 /* types.c in Sources */ = {isa = PBXBuildFile; fileRef = 6D59111F20A8B8FB00674147 /* types.c */; };
		6D59116420A8B92300674147 /* ucs2.c in Sources */ = {isa = PBXBuildFile; fileRef = 6D59111B20A8B8FB00674147 /* ucs2.c */; };
		6D59116520A8B92300674147 /* pcre_chartables.c in Sources */ = {isa = PBXBuildFile; fileRef = 6D59114120A8B91000674147 /* pcre_chartables.c */; };
		6D59116620A8B92300674147 /* pcre_compile.c in Sources */ = {isa = PBXBuildFile; fileRef = 6D59114220A8B91000674147 /* pcre_compile.c */; };
		6D59116720A8B92300674147 /* pcre_dfa_exec.c in Sources */ = {isa = PBXBuildFile; fileRef = 6D59114020A8B91000674147 /* pcre_dfa_exec.c */; };
		6D59116820A8B92300674147 /* pcre_exec.c in Sources */ = {isa = PBXBuildFile; fileRef = 6D59113F20A8B91000674147 /* pcre_exec.c */; };
		6D59116920A8B92300674147 /* pcre_fullinfo.c in Sources */ = {isa = PBXBuildFile; fileRef = 6D59114420A8B91000674147 /* pcre_fullinfo.c */; };
		6D59116A20A8B92300674147 /* pcre_globals.c in Sources */ = {isa = PBXBuildFile; fileRef = 6D59114320A8B91000674147 /* pcre_globals.c */; };
		6D59116B20A8B92300674147 /* pcre_newline.c in Sources */ = {isa = PBXBuildFile; fileRef = 6D59114520A8B91000674147 /* pcre_newline.c */; };
		6D59116C20A8B92300674147 /* pcre_string_utils.c in Sources */ = {isa = PBXBuildFile; fileRef = 6D59113C20A8B91000674147 /* pcre_string_utils.c */; };
		6D59116D20A8B92300674147 /* pcre_tables.c in Sources */ = {isa = PBXBuildFile; fileRef = 6D59113D20A8B91000674147 /* pcre_tables.c */; };
		6D59116E20A8B92300674147 /* pcre_xclass.c in Sources */ = {isa = PBXBuildFile; fileRef = 6D59113E20A8B91000674147 /* pcre_xclass.c */; };
		6D59116F20A8B92300674147 /* alloc.c in Sources */ = {isa = PBXBuildFile; fileRef = 6D59110E20A8B8DB00674147 /* alloc.c */; };
		6D59117020A8B92300674147 /* track.c in Sources */ = {isa = PBXBuildFile; fileRef = 6D59110F20A8B8DB00674147 /* track.c */; };
/* End PBXBuildFile section */

/* Begin PBXFileReference section */
		6D11BCBB20A7593D004B6083 /* libhl.a */ = {isa = PBXFileReference; explicitFileType = archive.ar; includeInIndex = 0; path = libhl.a; sourceTree = BUILT_PRODUCTS_DIR; };
		6D59110E20A8B8DB00674147 /* alloc.c */ = {isa = PBXFileReference; fileEncoding = 4; lastKnownFileType = sourcecode.c.c; name = alloc.c; path = ../../submodules/hashlink/src/alloc.c; sourceTree = "<group>"; };
		6D59110F20A8B8DB00674147 /* track.c */ = {isa = PBXFileReference; fileEncoding = 4; lastKnownFileType = sourcecode.c.c; name = track.c; path = ../../submodules/hashlink/src/track.c; sourceTree = "<group>"; };
		6D59111220A8B8FA00674147 /* regexp.c */ = {isa = PBXFileReference; fileEncoding = 4; lastKnownFileType = sourcecode.c.c; name = regexp.c; path = ../../submodules/hashlink/src/std/regexp.c; sourceTree = "<group>"; };
		6D59111320A8B8FA00674147 /* math.c */ = {isa = PBXFileReference; fileEncoding = 4; lastKnownFileType = sourcecode.c.c; name = math.c; path = ../../submodules/hashlink/src/std/math.c; sourceTree = "<group>"; };
		6D59111420A8B8FA00674147 /* string.c */ = {isa = PBXFileReference; fileEncoding = 4; lastKnownFileType = sourcecode.c.c; name = string.c; path = ../../submodules/hashlink/src/std/string.c; sourceTree = "<group>"; };
		6D59111520A8B8FA00674147 /* thread.c */ = {isa = PBXFileReference; fileEncoding = 4; lastKnownFileType = sourcecode.c.c; name = thread.c; path = ../../submodules/hashlink/src/std/thread.c; sourceTree = "<group>"; };
		6D59111620A8B8FA00674147 /* error.c */ = {isa = PBXFileReference; fileEncoding = 4; lastKnownFileType = sourcecode.c.c; name = error.c; path = ../../submodules/hashlink/src/std/error.c; sourceTree = "<group>"; };
		6D59111720A8B8FA00674147 /* array.c */ = {isa = PBXFileReference; fileEncoding = 4; lastKnownFileType = sourcecode.c.c; name = array.c; path = ../../submodules/hashlink/src/std/array.c; sourceTree = "<group>"; };
		6D59111820A8B8FA00674147 /* cast.c */ = {isa = PBXFileReference; fileEncoding = 4; lastKnownFileType = sourcecode.c.c; name = cast.c; path = ../../submodules/hashlink/src/std/cast.c; sourceTree = "<group>"; };
		6D59111920A8B8FA00674147 /* maps.c */ = {isa = PBXFileReference; fileEncoding = 4; lastKnownFileType = sourcecode.c.c; name = maps.c; path = ../../submodules/hashlink/src/std/maps.c; sourceTree = "<group>"; };
		6D59111A20A8B8FB00674147 /* obj.c */ = {isa = PBXFileReference; fileEncoding = 4; lastKnownFileType = sourcecode.c.c; name = obj.c; path = ../../submodules/hashlink/src/std/obj.c; sourceTree = "<group>"; };
		6D59111B20A8B8FB00674147 /* ucs2.c */ = {isa = PBXFileReference; fileEncoding = 4; lastKnownFileType = sourcecode.c.c; name = ucs2.c; path = ../../submodules/hashlink/src/std/ucs2.c; sourceTree = "<group>"; };
		6D59111C20A8B8FB00674147 /* file.c */ = {isa = PBXFileReference; fileEncoding = 4; lastKnownFileType = sourcecode.c.c; name = file.c; path = ../../submodules/hashlink/src/std/file.c; sourceTree = "<group>"; };
		6D59111D20A8B8FB00674147 /* bytes.c */ = {isa = PBXFileReference; fileEncoding = 4; lastKnownFileType = sourcecode.c.c; name = bytes.c; path = ../../submodules/hashlink/src/std/bytes.c; sourceTree = "<group>"; };
		6D59111E20A8B8FB00674147 /* fun.c */ = {isa = PBXFileReference; fileEncoding = 4; lastKnownFileType = sourcecode.c.c; name = fun.c; path = ../../submodules/hashlink/src/std/fun.c; sourceTree = "<group>"; };
		6D59111F20A8B8FB00674147 /* types.c */ = {isa = PBXFileReference; fileEncoding = 4; lastKnownFileType = sourcecode.c.c; name = types.c; path = ../../submodules/hashlink/src/std/types.c; sourceTree = "<group>"; };
		6D59112020A8B8FB00674147 /* process.c */ = {isa = PBXFileReference; fileEncoding = 4; lastKnownFileType = sourcecode.c.c; name = process.c; path = ../../submodules/hashlink/src/std/process.c; sourceTree = "<group>"; };
		6D59112120A8B8FB00674147 /* sys.c */ = {isa = PBXFileReference; fileEncoding = 4; lastKnownFileType = sourcecode.c.c; name = sys.c; path = ../../submodules/hashlink/src/std/sys.c; sourceTree = "<group>"; };
		6D59112220A8B8FB00674147 /* random.c */ = {isa = PBXFileReference; fileEncoding = 4; lastKnownFileType = sourcecode.c.c; name = random.c; path = ../../submodules/hashlink/src/std/random.c; sourceTree = "<group>"; };
		6D59112320A8B8FB00674147 /* socket.c */ = {isa = PBXFileReference; fileEncoding = 4; lastKnownFileType = sourcecode.c.c; name = socket.c; path = ../../submodules/hashlink/src/std/socket.c; sourceTree = "<group>"; };
		6D59112420A8B8FB00674147 /* buffer.c */ = {isa = PBXFileReference; fileEncoding = 4; lastKnownFileType = sourcecode.c.c; name = buffer.c; path = ../../submodules/hashlink/src/std/buffer.c; sourceTree = "<group>"; };
		6D59112520A8B8FB00674147 /* date.c */ = {isa = PBXFileReference; fileEncoding = 4; lastKnownFileType = sourcecode.c.c; name = date.c; path = ../../submodules/hashlink/src/std/date.c; sourceTree = "<group>"; };
		6D59112620A8B8FB00674147 /* debug.c */ = {isa = PBXFileReference; fileEncoding = 4; lastKnownFileType = sourcecode.c.c; name = debug.c; path = ../../submodules/hashlink/src/std/debug.c; sourceTree = "<group>"; };
		6D59113C20A8B91000674147 /* pcre_string_utils.c */ = {isa = PBXFileReference; fileEncoding = 4; lastKnownFileType = sourcecode.c.c; name = pcre_string_utils.c; path = ../../submodules/hashlink/include/pcre/pcre_string_utils.c; sourceTree = "<group>"; };
		6D59113D20A8B91000674147 /* pcre_tables.c */ = {isa = PBXFileReference; fileEncoding = 4; lastKnownFileType = sourcecode.c.c; name = pcre_tables.c; path = ../../submodules/hashlink/include/pcre/pcre_tables.c; sourceTree = "<group>"; };
		6D59113E20A8B91000674147 /* pcre_xclass.c */ = {isa = PBXFileReference; fileEncoding = 4; lastKnownFileType = sourcecode.c.c; name = pcre_xclass.c; path = ../../submodules/hashlink/include/pcre/pcre_xclass.c; sourceTree = "<group>"; };
		6D59113F20A8B91000674147 /* pcre_exec.c */ = {isa = PBXFileReference; fileEncoding = 4; lastKnownFileType = sourcecode.c.c; name = pcre_exec.c; path = ../../submodules/hashlink/include/pcre/pcre_exec.c; sourceTree = "<group>"; };
		6D59114020A8B91000674147 /* pcre_dfa_exec.c */ = {isa = PBXFileReference; fileEncoding = 4; lastKnownFileType = sourcecode.c.c; name = pcre_dfa_exec.c; path = ../../submodules/hashlink/include/pcre/pcre_dfa_exec.c; sourceTree = "<group>"; };
		6D59114120A8B91000674147 /* pcre_chartables.c */ = {isa = PBXFileReference; fileEncoding = 4; lastKnownFileType = sourcecode.c.c; name = pcre_chartables.c; path = ../../submodules/hashlink/include/pcre/pcre_chartables.c; sourceTree = "<group>"; };
		6D59114220A8B91000674147 /* pcre_compile.c */ = {isa = PBXFileReference; fileEncoding = 4; lastKnownFileType = sourcecode.c.c; name = pcre_compile.c; path = ../../submodules/hashlink/include/pcre/pcre_compile.c; sourceTree = "<group>"; };
		6D59114320A8B91000674147 /* pcre_globals.c */ = {isa = PBXFileReference; fileEncoding = 4; lastKnownFileType = sourcecode.c.c; name = pcre_globals.c; path = ../../submodules/hashlink/include/pcre/pcre_globals.c; sourceTree = "<group>"; };
		6D59114420A8B91000674147 /* pcre_fullinfo.c */ = {isa = PBXFileReference; fileEncoding = 4; lastKnownFileType = sourcecode.c.c; name = pcre_fullinfo.c; path = ../../submodules/hashlink/include/pcre/pcre_fullinfo.c; sourceTree = "<group>"; };
		6D59114520A8B91000674147 /* pcre_newline.c */ = {isa = PBXFileReference; fileEncoding = 4; lastKnownFileType = sourcecode.c.c; name = pcre_newline.c; path = ../../submodules/hashlink/include/pcre/pcre_newline.c; sourceTree = "<group>"; };
/* End PBXFileReference section */

/* Begin PBXFrameworksBuildPhase section */
		6D11BCB820A7593D004B6083 /* Frameworks */ = {
			isa = PBXFrameworksBuildPhase;
			buildActionMask = 2147483647;
			files = (
			);
			runOnlyForDeploymentPostprocessing = 0;
		};
/* End PBXFrameworksBuildPhase section */

/* Begin PBXGroup section */
		6D11BCB220A7593D004B6083 = {
			isa = PBXGroup;
			children = (
				6D59110920A8B8B300674147 /* Source */,
				6D11BCBC20A7593D004B6083 /* Products */,
			);
			sourceTree = "<group>";
		};
		6D11BCBC20A7593D004B6083 /* Products */ = {
			isa = PBXGroup;
			children = (
				6D11BCBB20A7593D004B6083 /* libhl.a */,
			);
			name = Products;
			sourceTree = "<group>";
		};
		6D59110920A8B8B300674147 /* Source */ = {
			isa = PBXGroup;
			children = (
				6D59110D20A8B8C500674147 /* std */,
				6D59110C20A8B8C000674147 /* pcre */,
				6D59110E20A8B8DB00674147 /* alloc.c */,
				6D59110F20A8B8DB00674147 /* track.c */,
			);
			name = Source;
			sourceTree = "<group>";
		};
		6D59110C20A8B8C000674147 /* pcre */ = {
			isa = PBXGroup;
			children = (
				6D59114120A8B91000674147 /* pcre_chartables.c */,
				6D59114220A8B91000674147 /* pcre_compile.c */,
				6D59114020A8B91000674147 /* pcre_dfa_exec.c */,
				6D59113F20A8B91000674147 /* pcre_exec.c */,
				6D59114420A8B91000674147 /* pcre_fullinfo.c */,
				6D59114320A8B91000674147 /* pcre_globals.c */,
				6D59114520A8B91000674147 /* pcre_newline.c */,
				6D59113C20A8B91000674147 /* pcre_string_utils.c */,
				6D59113D20A8B91000674147 /* pcre_tables.c */,
				6D59113E20A8B91000674147 /* pcre_xclass.c */,
			);
			name = pcre;
			sourceTree = "<group>";
		};
		6D59110D20A8B8C500674147 /* std */ = {
			isa = PBXGroup;
			children = (
				6D59111720A8B8FA00674147 /* array.c */,
				6D59112420A8B8FB00674147 /* buffer.c */,
				6D59111D20A8B8FB00674147 /* bytes.c */,
				6D59111820A8B8FA00674147 /* cast.c */,
				6D59112520A8B8FB00674147 /* date.c */,
				6D59112620A8B8FB00674147 /* debug.c */,
				6D59111620A8B8FA00674147 /* error.c */,
				6D59111C20A8B8FB00674147 /* file.c */,
				6D59111E20A8B8FB00674147 /* fun.c */,
				6D59111920A8B8FA00674147 /* maps.c */,
				6D59111320A8B8FA00674147 /* math.c */,
				6D59111A20A8B8FB00674147 /* obj.c */,
				6D59112020A8B8FB00674147 /* process.c */,
				6D59112220A8B8FB00674147 /* random.c */,
				6D59111220A8B8FA00674147 /* regexp.c */,
				6D59112320A8B8FB00674147 /* socket.c */,
				6D59111420A8B8FA00674147 /* string.c */,
				6D59112120A8B8FB00674147 /* sys.c */,
				6D59111520A8B8FA00674147 /* thread.c */,
				6D59111F20A8B8FB00674147 /* types.c */,
				6D59111B20A8B8FB00674147 /* ucs2.c */,
			);
			name = std;
			sourceTree = "<group>";
		};
/* End PBXGroup section */

/* Begin PBXHeadersBuildPhase section */
		6D11BCB920A7593D004B6083 /* Headers */ = {
			isa = PBXHeadersBuildPhase;
			buildActionMask = 2147483647;
			files = (
			);
			runOnlyForDeploymentPostprocessing = 0;
		};
/* End PBXHeadersBuildPhase section */

/* Begin PBXNativeTarget section */
		6D11BCBA20A7593D004B6083 /* hl */ = {
			isa = PBXNativeTarget;
			buildConfigurationList = 6D11BCBF20A7593D004B6083 /* Build configuration list for PBXNativeTarget "hl" */;
			buildPhases = (
				6D11BCB720A7593D004B6083 /* Sources */,
				6D11BCB820A7593D004B6083 /* Frameworks */,
				6D11BCB920A7593D004B6083 /* Headers */,
			);
			buildRules = (
			);
			dependencies = (
			);
			name = hl;
			productName = hl;
			productReference = 6D11BCBB20A7593D004B6083 /* libhl.a */;
			productType = "com.apple.product-type.library.static";
		};
/* End PBXNativeTarget section */

/* Begin PBXProject section */
		6D11BCB320A7593D004B6083 /* Project object */ = {
			isa = PBXProject;
			attributes = {
				LastUpgradeCheck = 0920;
				ORGANIZATIONNAME = "Jean-Denis Boviin";
				TargetAttributes = {
					6D11BCBA20A7593D004B6083 = {
						CreatedOnToolsVersion = 9.2;
						ProvisioningStyle = Automatic;
					};
				};
			};
			buildConfigurationList = 6D11BCB620A7593D004B6083 /* Build configuration list for PBXProject "libhl-MacOSX" */;
			compatibilityVersion = "Xcode 8.0";
			developmentRegion = en;
			hasScannedForEncodings = 0;
			knownRegions = (
				en,
			);
			mainGroup = 6D11BCB220A7593D004B6083;
			productRefGroup = 6D11BCBC20A7593D004B6083 /* Products */;
			projectDirPath = "";
			projectRoot = "";
			targets = (
				6D11BCBA20A7593D004B6083 /* hl */,
			);
		};
/* End PBXProject section */

/* Begin PBXSourcesBuildPhase section */
		6D11BCB720A7593D004B6083 /* Sources */ = {
			isa = PBXSourcesBuildPhase;
			buildActionMask = 2147483647;
			files = (
				6D59115020A8B92300674147 /* array.c in Sources */,
				6D59115120A8B92300674147 /* buffer.c in Sources */,
				6D59115220A8B92300674147 /* bytes.c in Sources */,
				6D59115320A8B92300674147 /* cast.c in Sources */,
				6D59115420A8B92300674147 /* date.c in Sources */,
				6D59115520A8B92300674147 /* debug.c in Sources */,
				6D59115620A8B92300674147 /* error.c in Sources */,
				6D59115720A8B92300674147 /* file.c in Sources */,
				6D59115820A8B92300674147 /* fun.c in Sources */,
				6D59115920A8B92300674147 /* maps.c in Sources */,
				6D59115A20A8B92300674147 /* math.c in Sources */,
				6D59115B20A8B92300674147 /* obj.c in Sources */,
				6D59115C20A8B92300674147 /* process.c in Sources */,
				6D59115D20A8B92300674147 /* random.c in Sources */,
				6D59115E20A8B92300674147 /* regexp.c in Sources */,
				6D59115F20A8B92300674147 /* socket.c in Sources */,
				6D59116020A8B92300674147 /* string.c in Sources */,
				6D59116120A8B92300674147 /* sys.c in Sources */,
				6D59116220A8B92300674147 /* thread.c in Sources */,
				6D59116320A8B92300674147 /* types.c in Sources */,
				6D59116420A8B92300674147 /* ucs2.c in Sources */,
				6D59116520A8B92300674147 /* pcre_chartables.c in Sources */,
				6D59116620A8B92300674147 /* pcre_compile.c in Sources */,
				6D59116720A8B92300674147 /* pcre_dfa_exec.c in Sources */,
				6D59116820A8B92300674147 /* pcre_exec.c in Sources */,
				6D59116920A8B92300674147 /* pcre_fullinfo.c in Sources */,
				6D59116A20A8B92300674147 /* pcre_globals.c in Sources */,
				6D59116B20A8B92300674147 /* pcre_newline.c in Sources */,
				6D59116C20A8B92300674147 /* pcre_string_utils.c in Sources */,
				6D59116D20A8B92300674147 /* pcre_tables.c in Sources */,
				6D59116E20A8B92300674147 /* pcre_xclass.c in Sources */,
				6D59116F20A8B92300674147 /* alloc.c in Sources */,
				6D59117020A8B92300674147 /* track.c in Sources */,
			);
			runOnlyForDeploymentPostprocessing = 0;
		};
/* End PBXSourcesBuildPhase section */

/* Begin XCBuildConfiguration section */
		6D11BCBD20A7593D004B6083 /* Debug */ = {
			isa = XCBuildConfiguration;
			buildSettings = {
				ALWAYS_SEARCH_USER_PATHS = NO;
				CLANG_ANALYZER_NONNULL = YES;
				CLANG_ANALYZER_NUMBER_OBJECT_CONVERSION = YES_AGGRESSIVE;
				CLANG_CXX_LANGUAGE_STANDARD = "gnu++14";
				CLANG_CXX_LIBRARY = "libc++";
				CLANG_ENABLE_MODULES = YES;
				CLANG_ENABLE_OBJC_ARC = YES;
				CLANG_WARN_BLOCK_CAPTURE_AUTORELEASING = YES;
				CLANG_WARN_BOOL_CONVERSION = YES;
				CLANG_WARN_COMMA = YES;
				CLANG_WARN_CONSTANT_CONVERSION = YES;
				CLANG_WARN_DIRECT_OBJC_ISA_USAGE = YES_ERROR;
				CLANG_WARN_DOCUMENTATION_COMMENTS = YES;
				CLANG_WARN_EMPTY_BODY = YES;
				CLANG_WARN_ENUM_CONVERSION = YES;
				CLANG_WARN_INFINITE_RECURSION = YES;
				CLANG_WARN_INT_CONVERSION = YES;
				CLANG_WARN_NON_LITERAL_NULL_CONVERSION = YES;
				CLANG_WARN_OBJC_LITERAL_CONVERSION = YES;
				CLANG_WARN_OBJC_ROOT_CLASS = YES_ERROR;
				CLANG_WARN_RANGE_LOOP_ANALYSIS = YES;
				CLANG_WARN_STRICT_PROTOTYPES = YES;
				CLANG_WARN_SUSPICIOUS_MOVE = YES;
				CLANG_WARN_UNGUARDED_AVAILABILITY = YES_AGGRESSIVE;
				CLANG_WARN_UNREACHABLE_CODE = YES;
				CLANG_WARN__DUPLICATE_METHOD_MATCH = YES;
				CODE_SIGN_IDENTITY = "Mac Developer";
				COPY_PHASE_STRIP = NO;
				DEBUG_INFORMATION_FORMAT = dwarf;
				ENABLE_STRICT_OBJC_MSGSEND = YES;
				ENABLE_TESTABILITY = YES;
				GCC_C_LANGUAGE_STANDARD = gnu11;
				GCC_DYNAMIC_NO_PIC = NO;
				GCC_NO_COMMON_BLOCKS = YES;
				GCC_OPTIMIZATION_LEVEL = 0;
				GCC_PREPROCESSOR_DEFINITIONS = (
					"DEBUG=1",
					"$(inherited)",
				);
				GCC_WARN_64_TO_32_BIT_CONVERSION = YES;
				GCC_WARN_ABOUT_RETURN_TYPE = YES_ERROR;
				GCC_WARN_UNDECLARED_SELECTOR = YES;
				GCC_WARN_UNINITIALIZED_AUTOS = YES_AGGRESSIVE;
				GCC_WARN_UNUSED_FUNCTION = YES;
				GCC_WARN_UNUSED_VARIABLE = YES;
				MACOSX_DEPLOYMENT_TARGET = 10.12;
				MTL_ENABLE_DEBUG_INFO = YES;
				ONLY_ACTIVE_ARCH = YES;
				SDKROOT = macosx;
			};
			name = Debug;
		};
		6D11BCBE20A7593D004B6083 /* Release */ = {
			isa = XCBuildConfiguration;
			buildSettings = {
				ALWAYS_SEARCH_USER_PATHS = NO;
				CLANG_ANALYZER_NONNULL = YES;
				CLANG_ANALYZER_NUMBER_OBJECT_CONVERSION = YES_AGGRESSIVE;
				CLANG_CXX_LANGUAGE_STANDARD = "gnu++14";
				CLANG_CXX_LIBRARY = "libc++";
				CLANG_ENABLE_MODULES = YES;
				CLANG_ENABLE_OBJC_ARC = YES;
				CLANG_WARN_BLOCK_CAPTURE_AUTORELEASING = YES;
				CLANG_WARN_BOOL_CONVERSION = YES;
				CLANG_WARN_COMMA = YES;
				CLANG_WARN_CONSTANT_CONVERSION = YES;
				CLANG_WARN_DIRECT_OBJC_ISA_USAGE = YES_ERROR;
				CLANG_WARN_DOCUMENTATION_COMMENTS = YES;
				CLANG_WARN_EMPTY_BODY = YES;
				CLANG_WARN_ENUM_CONVERSION = YES;
				CLANG_WARN_INFINITE_RECURSION = YES;
				CLANG_WARN_INT_CONVERSION = YES;
				CLANG_WARN_NON_LITERAL_NULL_CONVERSION = YES;
				CLANG_WARN_OBJC_LITERAL_CONVERSION = YES;
				CLANG_WARN_OBJC_ROOT_CLASS = YES_ERROR;
				CLANG_WARN_RANGE_LOOP_ANALYSIS = YES;
				CLANG_WARN_STRICT_PROTOTYPES = YES;
				CLANG_WARN_SUSPICIOUS_MOVE = YES;
				CLANG_WARN_UNGUARDED_AVAILABILITY = YES_AGGRESSIVE;
				CLANG_WARN_UNREACHABLE_CODE = YES;
				CLANG_WARN__DUPLICATE_METHOD_MATCH = YES;
				CODE_SIGN_IDENTITY = "Mac Developer";
				COPY_PHASE_STRIP = NO;
				DEBUG_INFORMATION_FORMAT = "dwarf-with-dsym";
				ENABLE_NS_ASSERTIONS = NO;
				ENABLE_STRICT_OBJC_MSGSEND = YES;
				GCC_C_LANGUAGE_STANDARD = gnu11;
				GCC_NO_COMMON_BLOCKS = YES;
				GCC_WARN_64_TO_32_BIT_CONVERSION = YES;
				GCC_WARN_ABOUT_RETURN_TYPE = YES_ERROR;
				GCC_WARN_UNDECLARED_SELECTOR = YES;
				GCC_WARN_UNINITIALIZED_AUTOS = YES_AGGRESSIVE;
				GCC_WARN_UNUSED_FUNCTION = YES;
				GCC_WARN_UNUSED_VARIABLE = YES;
				MACOSX_DEPLOYMENT_TARGET = 10.12;
				MTL_ENABLE_DEBUG_INFO = NO;
				SDKROOT = macosx;
			};
			name = Release;
		};
		6D11BCC020A7593D004B6083 /* Debug */ = {
			isa = XCBuildConfiguration;
			buildSettings = {
				CODE_SIGN_STYLE = Automatic;
				DEVELOPMENT_TEAM = ZYMM64BHCM;
				EXECUTABLE_PREFIX = lib;
				HEADER_SEARCH_PATHS = (
					../../submodules/hashlink/src,
					../../submodules/hashlink/include/pcre,
				);
				PRODUCT_NAME = "$(TARGET_NAME)";
			};
			name = Debug;
		};
		6D11BCC120A7593D004B6083 /* Release */ = {
			isa = XCBuildConfiguration;
			buildSettings = {
				CODE_SIGN_STYLE = Automatic;
				DEVELOPMENT_TEAM = ZYMM64BHCM;
				EXECUTABLE_PREFIX = lib;
				HEADER_SEARCH_PATHS = (
					../../submodules/hashlink/src,
					../../submodules/hashlink/include/pcre,
				);
				PRODUCT_NAME = "$(TARGET_NAME)";
			};
			name = Release;
		};
/* End XCBuildConfiguration section */

/* Begin XCConfigurationList section */
		6D11BCB620A7593D004B6083 /* Build configuration list for PBXProject "libhl-MacOSX" */ = {
			isa = XCConfigurationList;
			buildConfigurations = (
				6D11BCBD20A7593D004B6083 /* Debug */,
				6D11BCBE20A7593D004B6083 /* Release */,
			);
			defaultConfigurationIsVisible = 0;
			defaultConfigurationName = Release;
		};
		6D11BCBF20A7593D004B6083 /* Build configuration list for PBXNativeTarget "hl" */ = {
			isa = XCConfigurationList;
			buildConfigurations = (
				6D11BCC020A7593D004B6083 /* Debug */,
				6D11BCC120A7593D004B6083 /* Release */,
			);
			defaultConfigurationIsVisible = 0;
			defaultConfigurationName = Release;
		};
/* End XCConfigurationList section */
	};
	rootObject = 6D11BCB320A7593D004B6083 /* Project object */;
}
