// !$*UTF8*$!
{
	archiveVersion = 1;
	classes = {
	};
	objectVersion = 46;
	objects = {

/* Begin PBXBuildFile section */
		6D11B97E20A74C03004B6083 /* Metal.framework in Frameworks */ = {isa = PBXBuildFile; fileRef = 6D11B97A20A74C03004B6083 /* Metal.framework */; };
		6D1E7EE220A75FDA00C2FB60 /* libhl.a in Frameworks */ = {isa = PBXBuildFile; fileRef = 6D1E7ED420A75FC600C2FB60 /* libhl.a */; };
		6D1E7EED20A76C5100C2FB60 /* libz.tbd in Frameworks */ = {isa = PBXBuildFile; fileRef = 6D1E7EEC20A76C5100C2FB60 /* libz.tbd */; };
		6D1E7EF320A770C100C2FB60 /* OpenAL.framework in Frameworks */ = {isa = PBXBuildFile; fileRef = 6D1E7EF220A770C100C2FB60 /* OpenAL.framework */; };
		6D28A91920A8ADDE00C7E67F /* openal.c in Sources */ = {isa = PBXBuildFile; fileRef = 6D28A91520A8ADB300C7E67F /* openal.c */; };
		6D28A91A20A8ADDE00C7E67F /* ui_stub.c in Sources */ = {isa = PBXBuildFile; fileRef = 6D28A91320A8AD9B00C7E67F /* ui_stub.c */; };
		6D28A91B20A8ADDE00C7E67F /* gl.c in Sources */ = {isa = PBXBuildFile; fileRef = 6D28A90F20A8AD9000C7E67F /* gl.c */; };
		6D28A91C20A8ADDE00C7E67F /* sdl.c in Sources */ = {isa = PBXBuildFile; fileRef = 6D28A91020A8AD9000C7E67F /* sdl.c */; };
		6D28A91D20A8ADDE00C7E67F /* fmt.c in Sources */ = {isa = PBXBuildFile; fileRef = 6D28A90B20A8AD7D00C7E67F /* fmt.c */; };
		6D28A91E20A8ADDE00C7E67F /* sha1.c in Sources */ = {isa = PBXBuildFile; fileRef = 6D28A90C20A8AD7D00C7E67F /* sha1.c */; };
		6D28A91F20A8ADDE00C7E67F /* _main.c in Sources */ = {isa = PBXBuildFile; fileRef = 6D28A91720A8ADCC00C7E67F /* _main.c */; };
		6D28A9F220A8B39700C7E67F /* Ogg.framework in Frameworks */ = {isa = PBXBuildFile; fileRef = 6D28A9F120A8B39700C7E67F /* Ogg.framework */; };
		6D28A9F420A8B3A100C7E67F /* Vorbis.framework in Frameworks */ = {isa = PBXBuildFile; fileRef = 6D28A9F320A8B3A100C7E67F /* Vorbis.framework */; };
		6D4FB3C020A8CEEF00364EF5 /* libSDL2.a in Frameworks */ = {isa = PBXBuildFile; fileRef = 6D685CE320A8CD9B00917B6C /* libSDL2.a */; };
		6D67CEC220A8A93900D3F52D /* logo_1024.png in Resources */ = {isa = PBXBuildFile; fileRef = 6D90BD7120A89BEC001E63C4 /* logo_1024.png */; };
		6D67CEC320A8A93B00D3F52D /* pattern.png in Resources */ = {isa = PBXBuildFile; fileRef = 6D90BD6B20A89BDF001E63C4 /* pattern.png */; };
		6D90BD7320A89DDD001E63C4 /* Images.xcassets in Resources */ = {isa = PBXBuildFile; fileRef = 6D90BD7220A89DDD001E63C4 /* Images.xcassets */; };
		FA86C0381D9765BB009CB637 /* iOS Launch Screen.storyboard in Resources */ = {isa = PBXBuildFile; fileRef = FA86C0361D9765BA009CB637 /* iOS Launch Screen.storyboard */; };
		FA8B4BA41967071300F8EB7C /* CoreMotion.framework in Frameworks */ = {isa = PBXBuildFile; fileRef = FA8B4BA21967070A00F8EB7C /* CoreMotion.framework */; };
		FABA34D61D8B5E5A00915323 /* AVFoundation.framework in Frameworks */ = {isa = PBXBuildFile; fileRef = FABA34D31D8B5E5600915323 /* AVFoundation.framework */; };
		FAE0E96C1BAF96A90098DFA4 /* GameController.framework in Frameworks */ = {isa = PBXBuildFile; fileRef = FAE0E9691BAF96A00098DFA4 /* GameController.framework */; };
		FD15FD690E086911003BDF25 /* Foundation.framework in Frameworks */ = {isa = PBXBuildFile; fileRef = 1D30AB110D05D00D00671497 /* Foundation.framework */; };
		FD15FD6A0E086911003BDF25 /* UIKit.framework in Frameworks */ = {isa = PBXBuildFile; fileRef = 1DF5F4DF0D08C38300B7A737 /* UIKit.framework */; };
		FD15FD6B0E086911003BDF25 /* CoreGraphics.framework in Frameworks */ = {isa = PBXBuildFile; fileRef = 1D3623EB0D0F72F000981E51 /* CoreGraphics.framework */; };
		FD15FD6C0E086911003BDF25 /* OpenGLES.framework in Frameworks */ = {isa = PBXBuildFile; fileRef = FDB96ED30DEFC9C700FAF19F /* OpenGLES.framework */; };
		FD15FD6D0E086911003BDF25 /* QuartzCore.framework in Frameworks */ = {isa = PBXBuildFile; fileRef = FDB96EDF0DEFC9DC00FAF19F /* QuartzCore.framework */; };
		FDF0D7A90E12D53500247964 /* CoreAudio.framework in Frameworks */ = {isa = PBXBuildFile; fileRef = FDF0D71D0E12D2AB00247964 /* CoreAudio.framework */; };
		FDF0D7AA0E12D53500247964 /* AudioToolbox.framework in Frameworks */ = {isa = PBXBuildFile; fileRef = FDF0D7220E12D31800247964 /* AudioToolbox.framework */; };
/* End PBXBuildFile section */

/* Begin PBXContainerItemProxy section */
		6D1E7ED320A75FC600C2FB60 /* PBXContainerItemProxy */ = {
			isa = PBXContainerItemProxy;
			containerPortal = 6D1E7ECF20A75FC600C2FB60 /* libhl-iOS.xcodeproj */;
			proxyType = 2;
			remoteGlobalIDString = 6D1E7B9920A75E1900C2FB60;
			remoteInfo = hl;
		};
		6D1E7EDB20A75FD500C2FB60 /* PBXContainerItemProxy */ = {
			isa = PBXContainerItemProxy;
			containerPortal = 6D1E7ECF20A75FC600C2FB60 /* libhl-iOS.xcodeproj */;
			proxyType = 1;
			remoteGlobalIDString = 6D1E7B9820A75E1900C2FB60;
			remoteInfo = hl;
		};
		6D4FB3B920A8CEE900364EF5 /* PBXContainerItemProxy */ = {
			isa = PBXContainerItemProxy;
			containerPortal = FD1B48920E313154007AB34E /* SDL.xcodeproj */;
			proxyType = 1;
			remoteGlobalIDString = FD6526620DE8FCCB002AD96B;
			remoteInfo = "libSDL-iOS";
		};
		6D685CE220A8CD9B00917B6C /* PBXContainerItemProxy */ = {
			isa = PBXContainerItemProxy;
			containerPortal = FD1B48920E313154007AB34E /* SDL.xcodeproj */;
			proxyType = 2;
			remoteGlobalIDString = FD6526630DE8FCCB002AD96B;
			remoteInfo = "libSDL-iOS";
		};
		6D685CE420A8CD9B00917B6C /* PBXContainerItemProxy */ = {
			isa = PBXContainerItemProxy;
			containerPortal = FD1B48920E313154007AB34E /* SDL.xcodeproj */;
			proxyType = 2;
			remoteGlobalIDString = FAB598141BB5C1B100BE72C5;
			remoteInfo = "libSDL-tvOS";
		};
/* End PBXContainerItemProxy section */

/* Begin PBXFileReference section */
		1D30AB110D05D00D00671497 /* Foundation.framework */ = {isa = PBXFileReference; lastKnownFileType = wrapper.framework; name = Foundation.framework; path = System/Library/Frameworks/Foundation.framework; sourceTree = SDKROOT; };
		1D3623EB0D0F72F000981E51 /* CoreGraphics.framework */ = {isa = PBXFileReference; lastKnownFileType = wrapper.framework; name = CoreGraphics.framework; path = System/Library/Frameworks/CoreGraphics.framework; sourceTree = SDKROOT; };
		1DF5F4DF0D08C38300B7A737 /* UIKit.framework */ = {isa = PBXFileReference; lastKnownFileType = wrapper.framework; name = UIKit.framework; path = System/Library/Frameworks/UIKit.framework; sourceTree = SDKROOT; };
		6D11B97A20A74C03004B6083 /* Metal.framework */ = {isa = PBXFileReference; lastKnownFileType = wrapper.framework; name = Metal.framework; path = System/Library/Frameworks/Metal.framework; sourceTree = SDKROOT; };
		6D1E7ECF20A75FC600C2FB60 /* libhl-iOS.xcodeproj */ = {isa = PBXFileReference; lastKnownFileType = "wrapper.pb-project"; path = "libhl-iOS.xcodeproj"; sourceTree = "<group>"; };
		6D1E7EEC20A76C5100C2FB60 /* libz.tbd */ = {isa = PBXFileReference; lastKnownFileType = "sourcecode.text-based-dylib-definition"; name = libz.tbd; path = usr/lib/libz.tbd; sourceTree = SDKROOT; };
		6D1E7EF220A770C100C2FB60 /* OpenAL.framework */ = {isa = PBXFileReference; lastKnownFileType = wrapper.framework; name = OpenAL.framework; path = System/Library/Frameworks/OpenAL.framework; sourceTree = SDKROOT; };
		6D28A90B20A8AD7D00C7E67F /* fmt.c */ = {isa = PBXFileReference; fileEncoding = 4; lastKnownFileType = sourcecode.c.c; name = fmt.c; path = ../../submodules/hashlink/libs/fmt/fmt.c; sourceTree = "<group>"; };
		6D28A90C20A8AD7D00C7E67F /* sha1.c */ = {isa = PBXFileReference; fileEncoding = 4; lastKnownFileType = sourcecode.c.c; name = sha1.c; path = ../../submodules/hashlink/libs/fmt/sha1.c; sourceTree = "<group>"; };
		6D28A90F20A8AD9000C7E67F /* gl.c */ = {isa = PBXFileReference; fileEncoding = 4; lastKnownFileType = sourcecode.c.c; name = gl.c; path = ../../submodules/hashlink/libs/sdl/gl.c; sourceTree = "<group>"; };
		6D28A91020A8AD9000C7E67F /* sdl.c */ = {isa = PBXFileReference; fileEncoding = 4; lastKnownFileType = sourcecode.c.c; name = sdl.c; path = ../../submodules/hashlink/libs/sdl/sdl.c; sourceTree = "<group>"; };
		6D28A91320A8AD9B00C7E67F /* ui_stub.c */ = {isa = PBXFileReference; fileEncoding = 4; lastKnownFileType = sourcecode.c.c; name = ui_stub.c; path = ../../submodules/hashlink/libs/ui/ui_stub.c; sourceTree = "<group>"; };
		6D28A91520A8ADB300C7E67F /* openal.c */ = {isa = PBXFileReference; fileEncoding = 4; lastKnownFileType = sourcecode.c.c; name = openal.c; path = ../../submodules/hashlink/libs/openal/openal.c; sourceTree = "<group>"; };
		6D28A91720A8ADCC00C7E67F /* _main.c */ = {isa = PBXFileReference; fileEncoding = 4; lastKnownFileType = sourcecode.c.c; name = _main.c; path = ../../submodules/hashlink/src/_main.c; sourceTree = "<group>"; };
		6D28A9F120A8B39700C7E67F /* Ogg.framework */ = {isa = PBXFileReference; lastKnownFileType = wrapper.framework; name = Ogg.framework; path = ../../submodules/IDZPrecompiledOgg/Ogg.framework; sourceTree = "<group>"; };
		6D28A9F320A8B3A100C7E67F /* Vorbis.framework */ = {isa = PBXFileReference; lastKnownFileType = wrapper.framework; name = Vorbis.framework; path = ../../submodules/IDZPrecompiledVorbis/Vorbis.framework; sourceTree = "<group>"; };
		6D90BD6B20A89BDF001E63C4 /* pattern.png */ = {isa = PBXFileReference; lastKnownFileType = image.png; name = pattern.png; path = images/pattern.png; sourceTree = "<group>"; };
		6D90BD7120A89BEC001E63C4 /* logo_1024.png */ = {isa = PBXFileReference; lastKnownFileType = image.png; name = logo_1024.png; path = images/logo_1024.png; sourceTree = "<group>"; };
		6D90BD7220A89DDD001E63C4 /* Images.xcassets */ = {isa = PBXFileReference; lastKnownFileType = folder.assetcatalog; name = Images.xcassets; path = images/Images.xcassets; sourceTree = "<group>"; };
		8D1107310486CEB800E47090 /* Info.plist */ = {isa = PBXFileReference; fileEncoding = 4; lastKnownFileType = text.plist.xml; path = Info.plist; sourceTree = "<group>"; };
		FA86C0361D9765BA009CB637 /* iOS Launch Screen.storyboard */ = {isa = PBXFileReference; fileEncoding = 4; lastKnownFileType = file.storyboard; path = "iOS Launch Screen.storyboard"; sourceTree = "<group>"; };
		FA8B4BA21967070A00F8EB7C /* CoreMotion.framework */ = {isa = PBXFileReference; lastKnownFileType = wrapper.framework; name = CoreMotion.framework; path = System/Library/Frameworks/CoreMotion.framework; sourceTree = SDKROOT; };
		FABA34D31D8B5E5600915323 /* AVFoundation.framework */ = {isa = PBXFileReference; lastKnownFileType = wrapper.framework; name = AVFoundation.framework; path = System/Library/Frameworks/AVFoundation.framework; sourceTree = SDKROOT; };
		FAE0E9691BAF96A00098DFA4 /* GameController.framework */ = {isa = PBXFileReference; lastKnownFileType = wrapper.framework; name = GameController.framework; path = System/Library/Frameworks/GameController.framework; sourceTree = SDKROOT; };
		FD15FCB20E086866003BDF25 /* Heaps.app */ = {isa = PBXFileReference; explicitFileType = wrapper.application; includeInIndex = 0; path = Heaps.app; sourceTree = BUILT_PRODUCTS_DIR; };
		FD1B48920E313154007AB34E /* SDL.xcodeproj */ = {isa = PBXFileReference; lastKnownFileType = "wrapper.pb-project"; name = SDL.xcodeproj; path = "../../submodules/SDL2/Xcode-iOS/SDL/SDL.xcodeproj"; sourceTree = SOURCE_ROOT; };
		FDB96ED30DEFC9C700FAF19F /* OpenGLES.framework */ = {isa = PBXFileReference; lastKnownFileType = wrapper.framework; name = OpenGLES.framework; path = System/Library/Frameworks/OpenGLES.framework; sourceTree = SDKROOT; };
		FDB96EDF0DEFC9DC00FAF19F /* QuartzCore.framework */ = {isa = PBXFileReference; lastKnownFileType = wrapper.framework; name = QuartzCore.framework; path = System/Library/Frameworks/QuartzCore.framework; sourceTree = SDKROOT; };
		FDF0D71D0E12D2AB00247964 /* CoreAudio.framework */ = {isa = PBXFileReference; lastKnownFileType = wrapper.framework; name = CoreAudio.framework; path = System/Library/Frameworks/CoreAudio.framework; sourceTree = SDKROOT; };
		FDF0D7220E12D31800247964 /* AudioToolbox.framework */ = {isa = PBXFileReference; lastKnownFileType = wrapper.framework; name = AudioToolbox.framework; path = System/Library/Frameworks/AudioToolbox.framework; sourceTree = SDKROOT; };
/* End PBXFileReference section */

/* Begin PBXFrameworksBuildPhase section */
		FD15FCB00E086866003BDF25 /* Frameworks */ = {
			isa = PBXFrameworksBuildPhase;
			buildActionMask = 2147483647;
			files = (
				6D4FB3C020A8CEEF00364EF5 /* libSDL2.a in Frameworks */,
				6D1E7EE220A75FDA00C2FB60 /* libhl.a in Frameworks */,
				6D1E7EED20A76C5100C2FB60 /* libz.tbd in Frameworks */,
				6D28A9F420A8B3A100C7E67F /* Vorbis.framework in Frameworks */,
				6D28A9F220A8B39700C7E67F /* Ogg.framework in Frameworks */,
				6D1E7EF320A770C100C2FB60 /* OpenAL.framework in Frameworks */,
				6D11B97E20A74C03004B6083 /* Metal.framework in Frameworks */,
				FABA34D61D8B5E5A00915323 /* AVFoundation.framework in Frameworks */,
				FAE0E96C1BAF96A90098DFA4 /* GameController.framework in Frameworks */,
				FA8B4BA41967071300F8EB7C /* CoreMotion.framework in Frameworks */,
				FDF0D7A90E12D53500247964 /* CoreAudio.framework in Frameworks */,
				FDF0D7AA0E12D53500247964 /* AudioToolbox.framework in Frameworks */,
				FD15FD690E086911003BDF25 /* Foundation.framework in Frameworks */,
				FD15FD6A0E086911003BDF25 /* UIKit.framework in Frameworks */,
				FD15FD6B0E086911003BDF25 /* CoreGraphics.framework in Frameworks */,
				FD15FD6C0E086911003BDF25 /* OpenGLES.framework in Frameworks */,
				FD15FD6D0E086911003BDF25 /* QuartzCore.framework in Frameworks */,
			);
			runOnlyForDeploymentPostprocessing = 0;
		};
/* End PBXFrameworksBuildPhase section */

/* Begin PBXGroup section */
		19C28FACFE9D520D11CA2CBB /* Products */ = {
			isa = PBXGroup;
			children = (
				FD15FCB20E086866003BDF25 /* Heaps.app */,
			);
			name = Products;
			sourceTree = "<group>";
		};
		29B97314FDCFA39411CA2CEA /* CustomTemplate */ = {
			isa = PBXGroup;
			children = (
				FD1B48920E313154007AB34E /* SDL.xcodeproj */,
				6D1E7ECF20A75FC600C2FB60 /* libhl-iOS.xcodeproj */,
				FA86C0361D9765BA009CB637 /* iOS Launch Screen.storyboard */,
				6D28A8FD20A8AD3600C7E67F /* Source */,
				29B97317FDCFA39411CA2CEA /* Resources */,
				29B97323FDCFA39411CA2CEA /* Frameworks */,
				19C28FACFE9D520D11CA2CBB /* Products */,
			);
			name = CustomTemplate;
			sourceTree = "<group>";
		};
		29B97317FDCFA39411CA2CEA /* Resources */ = {
			isa = PBXGroup;
			children = (
				6D90BD7220A89DDD001E63C4 /* Images.xcassets */,
				6D90BD7120A89BEC001E63C4 /* logo_1024.png */,
				6D90BD6B20A89BDF001E63C4 /* pattern.png */,
				8D1107310486CEB800E47090 /* Info.plist */,
			);
			name = Resources;
			sourceTree = "<group>";
		};
		29B97323FDCFA39411CA2CEA /* Frameworks */ = {
			isa = PBXGroup;
			children = (
				6D1E7EEC20A76C5100C2FB60 /* libz.tbd */,
				6D28A9F320A8B3A100C7E67F /* Vorbis.framework */,
				6D28A9F120A8B39700C7E67F /* Ogg.framework */,
				6D1E7EF220A770C100C2FB60 /* OpenAL.framework */,
				6D11B97A20A74C03004B6083 /* Metal.framework */,
				FABA34D31D8B5E5600915323 /* AVFoundation.framework */,
				FAE0E9691BAF96A00098DFA4 /* GameController.framework */,
				FA8B4BA21967070A00F8EB7C /* CoreMotion.framework */,
				FDF0D7220E12D31800247964 /* AudioToolbox.framework */,
				FDB96EDF0DEFC9DC00FAF19F /* QuartzCore.framework */,
				FDB96ED30DEFC9C700FAF19F /* OpenGLES.framework */,
				1D3623EB0D0F72F000981E51 /* CoreGraphics.framework */,
				1DF5F4DF0D08C38300B7A737 /* UIKit.framework */,
				1D30AB110D05D00D00671497 /* Foundation.framework */,
				FDF0D71D0E12D2AB00247964 /* CoreAudio.framework */,
			);
			name = Frameworks;
			sourceTree = "<group>";
		};
		6D1E7ED020A75FC600C2FB60 /* Products */ = {
			isa = PBXGroup;
			children = (
				6D1E7ED420A75FC600C2FB60 /* libhl.a */,
			);
			name = Products;
			sourceTree = "<group>";
		};
		6D28A8FD20A8AD3600C7E67F /* Source */ = {
			isa = PBXGroup;
			children = (
				6D28A90A20A8AD5800C7E67F /* Libs */,
				6D28A91720A8ADCC00C7E67F /* _main.c */,
			);
			name = Source;
			sourceTree = "<group>";
		};
		6D28A90A20A8AD5800C7E67F /* Libs */ = {
			isa = PBXGroup;
			children = (
				6D28A91520A8ADB300C7E67F /* openal.c */,
				6D28A91320A8AD9B00C7E67F /* ui_stub.c */,
				6D28A90F20A8AD9000C7E67F /* gl.c */,
				6D28A91020A8AD9000C7E67F /* sdl.c */,
				6D28A90B20A8AD7D00C7E67F /* fmt.c */,
				6D28A90C20A8AD7D00C7E67F /* sha1.c */,
			);
			name = Libs;
			sourceTree = "<group>";
		};
		6D685CDB20A8CD9B00917B6C /* Products */ = {
			isa = PBXGroup;
			children = (
				6D685CE320A8CD9B00917B6C /* libSDL2.a */,
				6D685CE520A8CD9B00917B6C /* libSDL2.a */,
			);
			name = Products;
			sourceTree = "<group>";
		};
/* End PBXGroup section */

/* Begin PBXNativeTarget section */
		FD15FCB10E086866003BDF25 /* Heaps */ = {
			isa = PBXNativeTarget;
			buildConfigurationList = FD15FCB70E086867003BDF25 /* Build configuration list for PBXNativeTarget "Heaps" */;
			buildPhases = (
				FD15FCAE0E086866003BDF25 /* Resources */,
				FD15FCAF0E086866003BDF25 /* Sources */,
				FD15FCB00E086866003BDF25 /* Frameworks */,
			);
			buildRules = (
			);
			dependencies = (
				6D4FB3BA20A8CEE900364EF5 /* PBXTargetDependency */,
				6D1E7EDC20A75FD500C2FB60 /* PBXTargetDependency */,
			);
			name = Heaps;
			productName = BMPTest;
			productReference = FD15FCB20E086866003BDF25 /* Heaps.app */;
			productType = "com.apple.product-type.application";
		};
/* End PBXNativeTarget section */

/* Begin PBXProject section */
		29B97313FDCFA39411CA2CEA /* Project object */ = {
			isa = PBXProject;
			attributes = {
				LastUpgradeCheck = 0630;
				TargetAttributes = {
					FD15FCB10E086866003BDF25 = {
						DevelopmentTeam = P7K4SUSDX6;
					};
				};
			};
			buildConfigurationList = C01FCF4E08A954540054247B /* Build configuration list for PBXProject "heaps-iOS" */;
			compatibilityVersion = "Xcode 3.2";
			developmentRegion = English;
			hasScannedForEncodings = 1;
			knownRegions = (
				English,
				Japanese,
				French,
				German,
				Base,
			);
			mainGroup = 29B97314FDCFA39411CA2CEA /* CustomTemplate */;
			projectDirPath = "";
			projectReferences = (
				{
					ProductGroup = 6D1E7ED020A75FC600C2FB60 /* Products */;
					ProjectRef = 6D1E7ECF20A75FC600C2FB60 /* libhl-iOS.xcodeproj */;
				},
				{
					ProductGroup = 6D685CDB20A8CD9B00917B6C /* Products */;
					ProjectRef = FD1B48920E313154007AB34E /* SDL.xcodeproj */;
				},
			);
			projectRoot = "";
			targets = (
				FD15FCB10E086866003BDF25 /* Heaps */,
			);
		};
/* End PBXProject section */

/* Begin PBXReferenceProxy section */
		6D1E7ED420A75FC600C2FB60 /* libhl.a */ = {
			isa = PBXReferenceProxy;
			fileType = archive.ar;
			path = libhl.a;
			remoteRef = 6D1E7ED320A75FC600C2FB60 /* PBXContainerItemProxy */;
			sourceTree = BUILT_PRODUCTS_DIR;
		};
		6D685CE320A8CD9B00917B6C /* libSDL2.a */ = {
			isa = PBXReferenceProxy;
			fileType = archive.ar;
			path = libSDL2.a;
			remoteRef = 6D685CE220A8CD9B00917B6C /* PBXContainerItemProxy */;
			sourceTree = BUILT_PRODUCTS_DIR;
		};
		6D685CE520A8CD9B00917B6C /* libSDL2.a */ = {
			isa = PBXReferenceProxy;
			fileType = archive.ar;
			path = libSDL2.a;
			remoteRef = 6D685CE420A8CD9B00917B6C /* PBXContainerItemProxy */;
			sourceTree = BUILT_PRODUCTS_DIR;
		};
/* End PBXReferenceProxy section */

/* Begin PBXResourcesBuildPhase section */
		FD15FCAE0E086866003BDF25 /* Resources */ = {
			isa = PBXResourcesBuildPhase;
			buildActionMask = 2147483647;
			files = (
				6D67CEC320A8A93B00D3F52D /* pattern.png in Resources */,
				FA86C0381D9765BB009CB637 /* iOS Launch Screen.storyboard in Resources */,
				6D67CEC220A8A93900D3F52D /* logo_1024.png in Resources */,
				6D90BD7320A89DDD001E63C4 /* Images.xcassets in Resources */,
			);
			runOnlyForDeploymentPostprocessing = 0;
		};
/* End PBXResourcesBuildPhase section */

/* Begin PBXSourcesBuildPhase section */
		FD15FCAF0E086866003BDF25 /* Sources */ = {
			isa = PBXSourcesBuildPhase;
			buildActionMask = 2147483647;
			files = (
				6D28A91920A8ADDE00C7E67F /* openal.c in Sources */,
				6D28A91A20A8ADDE00C7E67F /* ui_stub.c in Sources */,
				6D28A91B20A8ADDE00C7E67F /* gl.c in Sources */,
				6D28A91C20A8ADDE00C7E67F /* sdl.c in Sources */,
				6D28A91D20A8ADDE00C7E67F /* fmt.c in Sources */,
				6D28A91E20A8ADDE00C7E67F /* sha1.c in Sources */,
				6D28A91F20A8ADDE00C7E67F /* _main.c in Sources */,
			);
			runOnlyForDeploymentPostprocessing = 0;
		};
/* End PBXSourcesBuildPhase section */

/* Begin PBXTargetDependency section */
		6D1E7EDC20A75FD500C2FB60 /* PBXTargetDependency */ = {
			isa = PBXTargetDependency;
			name = hl;
			targetProxy = 6D1E7EDB20A75FD500C2FB60 /* PBXContainerItemProxy */;
		};
		6D4FB3BA20A8CEE900364EF5 /* PBXTargetDependency */ = {
			isa = PBXTargetDependency;
			name = "libSDL-iOS";
			targetProxy = 6D4FB3B920A8CEE900364EF5 /* PBXContainerItemProxy */;
		};
/* End PBXTargetDependency section */

/* Begin XCBuildConfiguration section */
		C01FCF4F08A954540054247B /* Debug */ = {
			isa = XCBuildConfiguration;
			buildSettings = {
				"CODE_SIGN_IDENTITY[sdk=iphoneos*]" = "iPhone Developer";
				GCC_OPTIMIZATION_LEVEL = 0;
				HEADER_SEARCH_PATHS = ../../include;
				ONLY_ACTIVE_ARCH = YES;
				PRELINK_LIBS = "";
				SDKROOT = iphoneos;
				TARGETED_DEVICE_FAMILY = "1,2";
			};
			name = Debug;
		};
		C01FCF5008A954540054247B /* Release */ = {
			isa = XCBuildConfiguration;
			buildSettings = {
				"CODE_SIGN_IDENTITY[sdk=iphoneos*]" = "iPhone Developer";
				HEADER_SEARCH_PATHS = ../../include;
				PRELINK_LIBS = "";
				SDKROOT = iphoneos;
				TARGETED_DEVICE_FAMILY = "1,2";
			};
			name = Release;
		};
		FD15FCB50E086866003BDF25 /* Debug */ = {
			isa = XCBuildConfiguration;
			buildSettings = {
				ASSETCATALOG_COMPILER_APPICON_NAME = AppIcon;
				DEVELOPMENT_TEAM = P7K4SUSDX6;
				FRAMEWORK_SEARCH_PATHS = (
					"$(inherited)",
					"$(PROJECT_DIR)/../../submodules/IDZPrecompiledOgg",
					"$(PROJECT_DIR)/../../submodules/IDZPrecompiledVorbis",
				);
				GCC_DYNAMIC_NO_PIC = NO;
				HEADER_SEARCH_PATHS = (
					"$(PROJECT_DIR)/../../submodules/SDL2/include",
					"$(PROJECT_DIR)/../../submodules/hashlink/src",
					"$(PROJECT_DIR)/../../submodules/hashlink/include/**",
				);
				INFOPLIST_FILE = Info.plist;
				LIBRARY_SEARCH_PATHS = (
					"$(inherited)",
					"/opt/libjpeg-turbo/lib",
				);
				PRODUCT_BUNDLE_IDENTIFIER = "com.failsafegames.heaps-test";
				PRODUCT_NAME = Heaps;
				SDKROOT = iphoneos;
			};
			name = Debug;
		};
		FD15FCB60E086866003BDF25 /* Release */ = {
			isa = XCBuildConfiguration;
			buildSettings = {
				ASSETCATALOG_COMPILER_APPICON_NAME = AppIcon;
				DEVELOPMENT_TEAM = P7K4SUSDX6;
				FRAMEWORK_SEARCH_PATHS = (
					"$(inherited)",
					"$(PROJECT_DIR)/../../submodules/IDZPrecompiledOgg",
					"$(PROJECT_DIR)/../../submodules/IDZPrecompiledVorbis",
				);
				HEADER_SEARCH_PATHS = (
					"$(PROJECT_DIR)/../../submodules/SDL2/include",
					"$(PROJECT_DIR)/../../submodules/hashlink/src",
					"$(PROJECT_DIR)/../../submodules/hashlink/include/**",
				);
				INFOPLIST_FILE = Info.plist;
				LIBRARY_SEARCH_PATHS = (
					"$(inherited)",
					"/opt/libjpeg-turbo/lib",
				);
				PRODUCT_BUNDLE_IDENTIFIER = "com.failsafegames.heaps-test";
				PRODUCT_NAME = Heaps;
				SDKROOT = iphoneos;
			};
			name = Release;
		};
/* End XCBuildConfiguration section */

/* Begin XCConfigurationList section */
		C01FCF4E08A954540054247B /* Build configuration list for PBXProject "heaps-iOS" */ = {
			isa = XCConfigurationList;
			buildConfigurations = (
				C01FCF4F08A954540054247B /* Debug */,
				C01FCF5008A954540054247B /* Release */,
			);
			defaultConfigurationIsVisible = 0;
			defaultConfigurationName = Release;
		};
		FD15FCB70E086867003BDF25 /* Build configuration list for PBXNativeTarget "Heaps" */ = {
			isa = XCConfigurationList;
			buildConfigurations = (
				FD15FCB50E086866003BDF25 /* Debug */,
				FD15FCB60E086866003BDF25 /* Release */,
			);
			defaultConfigurationIsVisible = 0;
			defaultConfigurationName = Release;
		};
/* End XCConfigurationList section */
	};
	rootObject = 29B97313FDCFA39411CA2CEA /* Project object */;
}
